// !$*UTF8*$!
{
	archiveVersion = 1;
	classes = {
	};
	objectVersion = 56;
	objects = {

/* Begin PBXBuildFile section */
		7B09AB0F2B1731D600EB1223 /* UserInfoVC.swift in Sources */ = {isa = PBXBuildFile; fileRef = 7B09AB0E2B1731D600EB1223 /* UserInfoVC.swift */; };
		7B1178902B11125C002354E4 /* FollowerCell.swift in Sources */ = {isa = PBXBuildFile; fileRef = 7B11788F2B11125C002354E4 /* FollowerCell.swift */; };
		7B1178922B111457002354E4 /* GFAvatarImageView.swift in Sources */ = {isa = PBXBuildFile; fileRef = 7B1178912B111457002354E4 /* GFAvatarImageView.swift */; };
		7B141D762B138A040013691E /* GFEmptyStateView.swift in Sources */ = {isa = PBXBuildFile; fileRef = 7B141D752B138A040013691E /* GFEmptyStateView.swift */; };
		7B168F472B18BBFA00DA213E /* GFSecondaryTitleLabel.swift in Sources */ = {isa = PBXBuildFile; fileRef = 7B168F462B18BBFA00DA213E /* GFSecondaryTitleLabel.swift */; };
		7B168F492B190A8700DA213E /* Constants.swift in Sources */ = {isa = PBXBuildFile; fileRef = 7B168F482B190A8700DA213E /* Constants.swift */; };
		7B173E7D2BB7132100386CCB /* GFTabBarController.swift in Sources */ = {isa = PBXBuildFile; fileRef = 7B173E7C2BB7132100386CCB /* GFTabBarController.swift */; };
		7B1DCCDC2B0FC78E003EDB3E /* GFError.swift in Sources */ = {isa = PBXBuildFile; fileRef = 7B1DCCDB2B0FC78E003EDB3E /* GFError.swift */; };
		7B2B36462B122F3E003A4B86 /* UIHelper.swift in Sources */ = {isa = PBXBuildFile; fileRef = 7B2B36452B122F3E003A4B86 /* UIHelper.swift */; };
		7B2D77082B1FA13F00E0D93F /* Date+Ext.swift in Sources */ = {isa = PBXBuildFile; fileRef = 7B2D77072B1FA13F00E0D93F /* Date+Ext.swift */; };
		7B30BB462AF2920D004C06CE /* SearchVC.swift in Sources */ = {isa = PBXBuildFile; fileRef = 7B30BB452AF2920D004C06CE /* SearchVC.swift */; };
		7B30BB482AF29308004C06CE /* FavoritesListVC.swift in Sources */ = {isa = PBXBuildFile; fileRef = 7B30BB472AF29308004C06CE /* FavoritesListVC.swift */; };
		7B4B7C882AEEA8D000B8B868 /* AppDelegate.swift in Sources */ = {isa = PBXBuildFile; fileRef = 7B4B7C872AEEA8D000B8B868 /* AppDelegate.swift */; };
		7B4B7C8A2AEEA8D000B8B868 /* SceneDelegate.swift in Sources */ = {isa = PBXBuildFile; fileRef = 7B4B7C892AEEA8D000B8B868 /* SceneDelegate.swift */; };
		7B4B7C912AEEA8D100B8B868 /* Assets.xcassets in Resources */ = {isa = PBXBuildFile; fileRef = 7B4B7C902AEEA8D100B8B868 /* Assets.xcassets */; };
		7B4B7C942AEEA8D100B8B868 /* LaunchScreen.storyboard in Resources */ = {isa = PBXBuildFile; fileRef = 7B4B7C922AEEA8D100B8B868 /* LaunchScreen.storyboard */; };
		7B50E7992BB0963C00D6A4F9 /* PersistenceManager.swift in Sources */ = {isa = PBXBuildFile; fileRef = 7B50E7982BB0963C00D6A4F9 /* PersistenceManager.swift */; };
		7B5169852B07B42E00A49810 /* GFAlertContainerView.swift in Sources */ = {isa = PBXBuildFile; fileRef = 7B5169842B07B42E00A49810 /* GFAlertContainerView.swift */; };
		7B5169872B07E10C00A49810 /* UIViewController+Ext.swift in Sources */ = {isa = PBXBuildFile; fileRef = 7B5169862B07E10C00A49810 /* UIViewController+Ext.swift */; };
		7B5DF2A32B1DE94E00F49FD5 /* GFItemInfoVC.swift in Sources */ = {isa = PBXBuildFile; fileRef = 7B5DF2A22B1DE94E00F49FD5 /* GFItemInfoVC.swift */; };
		7B6504992B1E28FC00AE4C25 /* GFRepoItemVC.swift in Sources */ = {isa = PBXBuildFile; fileRef = 7B6504982B1E28FC00AE4C25 /* GFRepoItemVC.swift */; };
		7B65049B2B1E301A00AE4C25 /* GFFollowerItemVC.swift in Sources */ = {isa = PBXBuildFile; fileRef = 7B65049A2B1E301A00AE4C25 /* GFFollowerItemVC.swift */; };
		7B6A7A372B18ABFF00B2612D /* GFUserInfoHeaderVC.swift in Sources */ = {isa = PBXBuildFile; fileRef = 7B6A7A362B18ABFF00B2612D /* GFUserInfoHeaderVC.swift */; };
		7B848EED2AF961560083D8C6 /* FollowerListVC.swift in Sources */ = {isa = PBXBuildFile; fileRef = 7B848EEC2AF961560083D8C6 /* FollowerListVC.swift */; };
		7B8D67342AF7BC5300912388 /* GFButton.swift in Sources */ = {isa = PBXBuildFile; fileRef = 7B8D67332AF7BC5300912388 /* GFButton.swift */; };
		7B8D67362AF7C4AD00912388 /* GFTextField.swift in Sources */ = {isa = PBXBuildFile; fileRef = 7B8D67352AF7C4AD00912388 /* GFTextField.swift */; };
		7BAC426F2BBAC527006904AB /* GFDataLoadingVC.swift in Sources */ = {isa = PBXBuildFile; fileRef = 7BAC426E2BBAC527006904AB /* GFDataLoadingVC.swift */; };
		7BB33DE12BB5B800004F9069 /* FavoriteCell.swift in Sources */ = {isa = PBXBuildFile; fileRef = 7BB33DE02BB5B800004F9069 /* FavoriteCell.swift */; };
		7BC71AAC2B0D170D00C969C0 /* NetworkManager.swift in Sources */ = {isa = PBXBuildFile; fileRef = 7BC71AAB2B0D170D00C969C0 /* NetworkManager.swift */; };
		7BF0496B2AFAA1AE00C162B1 /* GFTitleLabel.swift in Sources */ = {isa = PBXBuildFile; fileRef = 7BF0496A2AFAA1AE00C162B1 /* GFTitleLabel.swift */; };
		7BF12FE12B1DD5DF0050B7B1 /* GFItemInfoView.swift in Sources */ = {isa = PBXBuildFile; fileRef = 7BF12FE02B1DD5DF0050B7B1 /* GFItemInfoView.swift */; };
		7BF289A22B0920D100364C55 /* Follower.swift in Sources */ = {isa = PBXBuildFile; fileRef = 7BF289A12B0920D100364C55 /* Follower.swift */; };
		7BF289A42B0923DD00364C55 /* User.swift in Sources */ = {isa = PBXBuildFile; fileRef = 7BF289A32B0923DD00364C55 /* User.swift */; };
		7BF880072B02084400BF568F /* GFBodyLabel.swift in Sources */ = {isa = PBXBuildFile; fileRef = 7BF880062B02084400BF568F /* GFBodyLabel.swift */; };
		7BF880092B0209F600BF568F /* GFAlertVC.swift in Sources */ = {isa = PBXBuildFile; fileRef = 7BF880082B0209F600BF568F /* GFAlertVC.swift */; };
/* End PBXBuildFile section */

/* Begin PBXFileReference section */
		7B09AB0E2B1731D600EB1223 /* UserInfoVC.swift */ = {isa = PBXFileReference; lastKnownFileType = sourcecode.swift; path = UserInfoVC.swift; sourceTree = "<group>"; };
		7B11788F2B11125C002354E4 /* FollowerCell.swift */ = {isa = PBXFileReference; lastKnownFileType = sourcecode.swift; path = FollowerCell.swift; sourceTree = "<group>"; };
		7B1178912B111457002354E4 /* GFAvatarImageView.swift */ = {isa = PBXFileReference; lastKnownFileType = sourcecode.swift; path = GFAvatarImageView.swift; sourceTree = "<group>"; };
		7B141D752B138A040013691E /* GFEmptyStateView.swift */ = {isa = PBXFileReference; lastKnownFileType = sourcecode.swift; path = GFEmptyStateView.swift; sourceTree = "<group>"; };
		7B168F462B18BBFA00DA213E /* GFSecondaryTitleLabel.swift */ = {isa = PBXFileReference; lastKnownFileType = sourcecode.swift; path = GFSecondaryTitleLabel.swift; sourceTree = "<group>"; };
		7B168F482B190A8700DA213E /* Constants.swift */ = {isa = PBXFileReference; lastKnownFileType = sourcecode.swift; path = Constants.swift; sourceTree = "<group>"; };
		7B173E7C2BB7132100386CCB /* GFTabBarController.swift */ = {isa = PBXFileReference; lastKnownFileType = sourcecode.swift; path = GFTabBarController.swift; sourceTree = "<group>"; };
		7B1DCCDB2B0FC78E003EDB3E /* GFError.swift */ = {isa = PBXFileReference; lastKnownFileType = sourcecode.swift; path = GFError.swift; sourceTree = "<group>"; };
		7B2B36452B122F3E003A4B86 /* UIHelper.swift */ = {isa = PBXFileReference; lastKnownFileType = sourcecode.swift; path = UIHelper.swift; sourceTree = "<group>"; };
		7B2D77072B1FA13F00E0D93F /* Date+Ext.swift */ = {isa = PBXFileReference; lastKnownFileType = sourcecode.swift; path = "Date+Ext.swift"; sourceTree = "<group>"; };
		7B30BB452AF2920D004C06CE /* SearchVC.swift */ = {isa = PBXFileReference; lastKnownFileType = sourcecode.swift; path = SearchVC.swift; sourceTree = "<group>"; };
		7B30BB472AF29308004C06CE /* FavoritesListVC.swift */ = {isa = PBXFileReference; lastKnownFileType = sourcecode.swift; path = FavoritesListVC.swift; sourceTree = "<group>"; };
		7B4B7C842AEEA8D000B8B868 /* GitHubFollowers.app */ = {isa = PBXFileReference; explicitFileType = wrapper.application; includeInIndex = 0; path = GitHubFollowers.app; sourceTree = BUILT_PRODUCTS_DIR; };
		7B4B7C872AEEA8D000B8B868 /* AppDelegate.swift */ = {isa = PBXFileReference; lastKnownFileType = sourcecode.swift; path = AppDelegate.swift; sourceTree = "<group>"; };
		7B4B7C892AEEA8D000B8B868 /* SceneDelegate.swift */ = {isa = PBXFileReference; lastKnownFileType = sourcecode.swift; path = SceneDelegate.swift; sourceTree = "<group>"; };
		7B4B7C902AEEA8D100B8B868 /* Assets.xcassets */ = {isa = PBXFileReference; lastKnownFileType = folder.assetcatalog; path = Assets.xcassets; sourceTree = "<group>"; };
		7B4B7C932AEEA8D100B8B868 /* Base */ = {isa = PBXFileReference; lastKnownFileType = file.storyboard; name = Base; path = Base.lproj/LaunchScreen.storyboard; sourceTree = "<group>"; };
		7B4B7C952AEEA8D100B8B868 /* Info.plist */ = {isa = PBXFileReference; lastKnownFileType = text.plist.xml; path = Info.plist; sourceTree = "<group>"; };
		7B50E7982BB0963C00D6A4F9 /* PersistenceManager.swift */ = {isa = PBXFileReference; lastKnownFileType = sourcecode.swift; path = PersistenceManager.swift; sourceTree = "<group>"; };
		7B5169842B07B42E00A49810 /* GFAlertContainerView.swift */ = {isa = PBXFileReference; lastKnownFileType = sourcecode.swift; path = GFAlertContainerView.swift; sourceTree = "<group>"; };
		7B5169862B07E10C00A49810 /* UIViewController+Ext.swift */ = {isa = PBXFileReference; lastKnownFileType = sourcecode.swift; path = "UIViewController+Ext.swift"; sourceTree = "<group>"; };
		7B5DF2A22B1DE94E00F49FD5 /* GFItemInfoVC.swift */ = {isa = PBXFileReference; lastKnownFileType = sourcecode.swift; path = GFItemInfoVC.swift; sourceTree = "<group>"; };
		7B6504982B1E28FC00AE4C25 /* GFRepoItemVC.swift */ = {isa = PBXFileReference; lastKnownFileType = sourcecode.swift; path = GFRepoItemVC.swift; sourceTree = "<group>"; };
		7B65049A2B1E301A00AE4C25 /* GFFollowerItemVC.swift */ = {isa = PBXFileReference; lastKnownFileType = sourcecode.swift; path = GFFollowerItemVC.swift; sourceTree = "<group>"; };
		7B6A7A362B18ABFF00B2612D /* GFUserInfoHeaderVC.swift */ = {isa = PBXFileReference; lastKnownFileType = sourcecode.swift; path = GFUserInfoHeaderVC.swift; sourceTree = "<group>"; };
		7B848EEC2AF961560083D8C6 /* FollowerListVC.swift */ = {isa = PBXFileReference; lastKnownFileType = sourcecode.swift; path = FollowerListVC.swift; sourceTree = "<group>"; };
		7B8D67332AF7BC5300912388 /* GFButton.swift */ = {isa = PBXFileReference; lastKnownFileType = sourcecode.swift; path = GFButton.swift; sourceTree = "<group>"; };
		7B8D67352AF7C4AD00912388 /* GFTextField.swift */ = {isa = PBXFileReference; lastKnownFileType = sourcecode.swift; path = GFTextField.swift; sourceTree = "<group>"; };
		7BAC426E2BBAC527006904AB /* GFDataLoadingVC.swift */ = {isa = PBXFileReference; lastKnownFileType = sourcecode.swift; path = GFDataLoadingVC.swift; sourceTree = "<group>"; };
		7BB33DE02BB5B800004F9069 /* FavoriteCell.swift */ = {isa = PBXFileReference; lastKnownFileType = sourcecode.swift; path = FavoriteCell.swift; sourceTree = "<group>"; };
		7BC71AAB2B0D170D00C969C0 /* NetworkManager.swift */ = {isa = PBXFileReference; lastKnownFileType = sourcecode.swift; path = NetworkManager.swift; sourceTree = "<group>"; };
		7BF0496A2AFAA1AE00C162B1 /* GFTitleLabel.swift */ = {isa = PBXFileReference; lastKnownFileType = sourcecode.swift; path = GFTitleLabel.swift; sourceTree = "<group>"; };
		7BF12FE02B1DD5DF0050B7B1 /* GFItemInfoView.swift */ = {isa = PBXFileReference; lastKnownFileType = sourcecode.swift; path = GFItemInfoView.swift; sourceTree = "<group>"; };
		7BF289A12B0920D100364C55 /* Follower.swift */ = {isa = PBXFileReference; lastKnownFileType = sourcecode.swift; path = Follower.swift; sourceTree = "<group>"; };
		7BF289A32B0923DD00364C55 /* User.swift */ = {isa = PBXFileReference; lastKnownFileType = sourcecode.swift; path = User.swift; sourceTree = "<group>"; };
		7BF880062B02084400BF568F /* GFBodyLabel.swift */ = {isa = PBXFileReference; lastKnownFileType = sourcecode.swift; path = GFBodyLabel.swift; sourceTree = "<group>"; };
		7BF880082B0209F600BF568F /* GFAlertVC.swift */ = {isa = PBXFileReference; lastKnownFileType = sourcecode.swift; path = GFAlertVC.swift; sourceTree = "<group>"; };
/* End PBXFileReference section */

/* Begin PBXFrameworksBuildPhase section */
		7B4B7C812AEEA8D000B8B868 /* Frameworks */ = {
			isa = PBXFrameworksBuildPhase;
			buildActionMask = 2147483647;
			files = (
			);
			runOnlyForDeploymentPostprocessing = 0;
		};
/* End PBXFrameworksBuildPhase section */

/* Begin PBXGroup section */
		7B11788E2B1111BD002354E4 /* Cells */ = {
			isa = PBXGroup;
			children = (
				7B11788F2B11125C002354E4 /* FollowerCell.swift */,
				7BB33DE02BB5B800004F9069 /* FavoriteCell.swift */,
			);
			path = Cells;
			sourceTree = "<group>";
		};
		7B141D6F2B1379740013691E /* Views */ = {
			isa = PBXGroup;
			children = (
				7B5169842B07B42E00A49810 /* GFAlertContainerView.swift */,
				7B141D752B138A040013691E /* GFEmptyStateView.swift */,
				7BF12FE02B1DD5DF0050B7B1 /* GFItemInfoView.swift */,
			);
			path = Views;
			sourceTree = "<group>";
		};
		7B141D702B13798B0013691E /* Buttons */ = {
			isa = PBXGroup;
			children = (
				7B8D67332AF7BC5300912388 /* GFButton.swift */,
			);
			path = Buttons;
			sourceTree = "<group>";
		};
		7B141D712B13799E0013691E /* TextFields */ = {
			isa = PBXGroup;
			children = (
				7B8D67352AF7C4AD00912388 /* GFTextField.swift */,
			);
			path = TextFields;
			sourceTree = "<group>";
		};
		7B141D722B1379B80013691E /* ImageViews */ = {
			isa = PBXGroup;
			children = (
				7B1178912B111457002354E4 /* GFAvatarImageView.swift */,
			);
			path = ImageViews;
			sourceTree = "<group>";
		};
		7B141D732B1379CD0013691E /* ViewControllers */ = {
			isa = PBXGroup;
			children = (
				7B65049C2B1E30A600AE4C25 /* ItemInfoVCs */,
				7BF880082B0209F600BF568F /* GFAlertVC.swift */,
				7B6A7A362B18ABFF00B2612D /* GFUserInfoHeaderVC.swift */,
				7BAC426E2BBAC527006904AB /* GFDataLoadingVC.swift */,
			);
			path = ViewControllers;
			sourceTree = "<group>";
		};
		7B141D742B137A060013691E /* Labels */ = {
			isa = PBXGroup;
			children = (
				7BF0496A2AFAA1AE00C162B1 /* GFTitleLabel.swift */,
				7BF880062B02084400BF568F /* GFBodyLabel.swift */,
				7B168F462B18BBFA00DA213E /* GFSecondaryTitleLabel.swift */,
			);
			path = Labels;
			sourceTree = "<group>";
		};
		7B173E7B2BB712BB00386CCB /* TabBarControllers */ = {
			isa = PBXGroup;
			children = (
				7B173E7C2BB7132100386CCB /* GFTabBarController.swift */,
			);
			path = TabBarControllers;
			sourceTree = "<group>";
		};
		7B1DCCDA2B0FC69E003EDB3E /* Utilities */ = {
			isa = PBXGroup;
			children = (
				7B168F482B190A8700DA213E /* Constants.swift */,
				7B1DCCDB2B0FC78E003EDB3E /* GFError.swift */,
				7B2B36452B122F3E003A4B86 /* UIHelper.swift */,
			);
			path = Utilities;
			sourceTree = "<group>";
		};
		7B4B7C7B2AEEA8D000B8B868 = {
			isa = PBXGroup;
			children = (
				7B4B7C862AEEA8D000B8B868 /* GitHubFollowers */,
				7B4B7C852AEEA8D000B8B868 /* Products */,
			);
			sourceTree = "<group>";
		};
		7B4B7C852AEEA8D000B8B868 /* Products */ = {
			isa = PBXGroup;
			children = (
				7B4B7C842AEEA8D000B8B868 /* GitHubFollowers.app */,
			);
			name = Products;
			sourceTree = "<group>";
		};
		7B4B7C862AEEA8D000B8B868 /* GitHubFollowers */ = {
			isa = PBXGroup;
			children = (
				7B5169892B07EAE600A49810 /* Custom Views */,
				7BBB28AC2B07EBC10052FAB8 /* Extensions */,
				7B4B7C952AEEA8D100B8B868 /* Info.plist */,
				7BC71AAA2B0D16DC00C969C0 /* Managers */,
				7BF289A02B09209A00364C55 /* Models */,
				7B5169882B07E91E00A49810 /* Screens */,
				7BBB28AD2B07ED4B0052FAB8 /* Support */,
				7B1DCCDA2B0FC69E003EDB3E /* Utilities */,
			);
			path = GitHubFollowers;
			sourceTree = "<group>";
		};
		7B5169882B07E91E00A49810 /* Screens */ = {
			isa = PBXGroup;
			children = (
				7B30BB452AF2920D004C06CE /* SearchVC.swift */,
				7B30BB472AF29308004C06CE /* FavoritesListVC.swift */,
				7B848EEC2AF961560083D8C6 /* FollowerListVC.swift */,
				7B09AB0E2B1731D600EB1223 /* UserInfoVC.swift */,
			);
			path = Screens;
			sourceTree = "<group>";
		};
		7B5169892B07EAE600A49810 /* Custom Views */ = {
			isa = PBXGroup;
			children = (
				7B173E7B2BB712BB00386CCB /* TabBarControllers */,
				7B141D742B137A060013691E /* Labels */,
				7B141D732B1379CD0013691E /* ViewControllers */,
				7B141D722B1379B80013691E /* ImageViews */,
				7B141D712B13799E0013691E /* TextFields */,
				7B141D702B13798B0013691E /* Buttons */,
				7B141D6F2B1379740013691E /* Views */,
				7B11788E2B1111BD002354E4 /* Cells */,
			);
			path = "Custom Views";
			sourceTree = "<group>";
		};
		7B65049C2B1E30A600AE4C25 /* ItemInfoVCs */ = {
			isa = PBXGroup;
			children = (
				7B5DF2A22B1DE94E00F49FD5 /* GFItemInfoVC.swift */,
				7B6504982B1E28FC00AE4C25 /* GFRepoItemVC.swift */,
				7B65049A2B1E301A00AE4C25 /* GFFollowerItemVC.swift */,
			);
			path = ItemInfoVCs;
			sourceTree = "<group>";
		};
		7BBB28AC2B07EBC10052FAB8 /* Extensions */ = {
			isa = PBXGroup;
			children = (
				7B5169862B07E10C00A49810 /* UIViewController+Ext.swift */,
				7B2D77072B1FA13F00E0D93F /* Date+Ext.swift */,
			);
			path = Extensions;
			sourceTree = "<group>";
		};
		7BBB28AD2B07ED4B0052FAB8 /* Support */ = {
			isa = PBXGroup;
			children = (
				7B4B7C872AEEA8D000B8B868 /* AppDelegate.swift */,
				7B4B7C892AEEA8D000B8B868 /* SceneDelegate.swift */,
				7B4B7C902AEEA8D100B8B868 /* Assets.xcassets */,
				7B4B7C922AEEA8D100B8B868 /* LaunchScreen.storyboard */,
			);
			path = Support;
			sourceTree = "<group>";
		};
		7BC71AAA2B0D16DC00C969C0 /* Managers */ = {
			isa = PBXGroup;
			children = (
				7BC71AAB2B0D170D00C969C0 /* NetworkManager.swift */,
				7B50E7982BB0963C00D6A4F9 /* PersistenceManager.swift */,
			);
			path = Managers;
			sourceTree = "<group>";
		};
		7BF289A02B09209A00364C55 /* Models */ = {
			isa = PBXGroup;
			children = (
				7BF289A12B0920D100364C55 /* Follower.swift */,
				7BF289A32B0923DD00364C55 /* User.swift */,
			);
			path = Models;
			sourceTree = "<group>";
		};
/* End PBXGroup section */

/* Begin PBXNativeTarget section */
		7B4B7C832AEEA8D000B8B868 /* GitHubFollowers */ = {
			isa = PBXNativeTarget;
			buildConfigurationList = 7B4B7C982AEEA8D100B8B868 /* Build configuration list for PBXNativeTarget "GitHubFollowers" */;
			buildPhases = (
				7B4B7C802AEEA8D000B8B868 /* Sources */,
				7B4B7C812AEEA8D000B8B868 /* Frameworks */,
				7B4B7C822AEEA8D000B8B868 /* Resources */,
			);
			buildRules = (
			);
			dependencies = (
			);
			name = GitHubFollowers;
			productName = GitHubFollowers;
			productReference = 7B4B7C842AEEA8D000B8B868 /* GitHubFollowers.app */;
			productType = "com.apple.product-type.application";
		};
/* End PBXNativeTarget section */

/* Begin PBXProject section */
		7B4B7C7C2AEEA8D000B8B868 /* Project object */ = {
			isa = PBXProject;
			attributes = {
				BuildIndependentTargetsInParallel = 1;
				LastSwiftUpdateCheck = 1500;
				LastUpgradeCheck = 1500;
				TargetAttributes = {
					7B4B7C832AEEA8D000B8B868 = {
						CreatedOnToolsVersion = 15.0.1;
					};
				};
			};
			buildConfigurationList = 7B4B7C7F2AEEA8D000B8B868 /* Build configuration list for PBXProject "GitHubFollowers" */;
			compatibilityVersion = "Xcode 14.0";
			developmentRegion = en;
			hasScannedForEncodings = 0;
			knownRegions = (
				en,
				Base,
			);
			mainGroup = 7B4B7C7B2AEEA8D000B8B868;
			productRefGroup = 7B4B7C852AEEA8D000B8B868 /* Products */;
			projectDirPath = "";
			projectRoot = "";
			targets = (
				7B4B7C832AEEA8D000B8B868 /* GitHubFollowers */,
			);
		};
/* End PBXProject section */

/* Begin PBXResourcesBuildPhase section */
		7B4B7C822AEEA8D000B8B868 /* Resources */ = {
			isa = PBXResourcesBuildPhase;
			buildActionMask = 2147483647;
			files = (
				7B4B7C942AEEA8D100B8B868 /* LaunchScreen.storyboard in Resources */,
				7B4B7C912AEEA8D100B8B868 /* Assets.xcassets in Resources */,
			);
			runOnlyForDeploymentPostprocessing = 0;
		};
/* End PBXResourcesBuildPhase section */

/* Begin PBXSourcesBuildPhase section */
		7B4B7C802AEEA8D000B8B868 /* Sources */ = {
			isa = PBXSourcesBuildPhase;
			buildActionMask = 2147483647;
			files = (
				7B8D67362AF7C4AD00912388 /* GFTextField.swift in Sources */,
				7B30BB462AF2920D004C06CE /* SearchVC.swift in Sources */,
				7B5169872B07E10C00A49810 /* UIViewController+Ext.swift in Sources */,
				7B6A7A372B18ABFF00B2612D /* GFUserInfoHeaderVC.swift in Sources */,
				7B8D67342AF7BC5300912388 /* GFButton.swift in Sources */,
				7B4B7C882AEEA8D000B8B868 /* AppDelegate.swift in Sources */,
				7B141D762B138A040013691E /* GFEmptyStateView.swift in Sources */,
				7B168F472B18BBFA00DA213E /* GFSecondaryTitleLabel.swift in Sources */,
				7BF880092B0209F600BF568F /* GFAlertVC.swift in Sources */,
				7BF289A42B0923DD00364C55 /* User.swift in Sources */,
				7B1178902B11125C002354E4 /* FollowerCell.swift in Sources */,
				7B1178922B111457002354E4 /* GFAvatarImageView.swift in Sources */,
				7B50E7992BB0963C00D6A4F9 /* PersistenceManager.swift in Sources */,
				7BB33DE12BB5B800004F9069 /* FavoriteCell.swift in Sources */,
				7B6504992B1E28FC00AE4C25 /* GFRepoItemVC.swift in Sources */,
				7BF880072B02084400BF568F /* GFBodyLabel.swift in Sources */,
				7B09AB0F2B1731D600EB1223 /* UserInfoVC.swift in Sources */,
				7BF289A22B0920D100364C55 /* Follower.swift in Sources */,
				7BF0496B2AFAA1AE00C162B1 /* GFTitleLabel.swift in Sources */,
				7BAC426F2BBAC527006904AB /* GFDataLoadingVC.swift in Sources */,
				7B848EED2AF961560083D8C6 /* FollowerListVC.swift in Sources */,
				7B30BB482AF29308004C06CE /* FavoritesListVC.swift in Sources */,
				7B5DF2A32B1DE94E00F49FD5 /* GFItemInfoVC.swift in Sources */,
				7B65049B2B1E301A00AE4C25 /* GFFollowerItemVC.swift in Sources */,
				7B1DCCDC2B0FC78E003EDB3E /* GFError.swift in Sources */,
				7B2B36462B122F3E003A4B86 /* UIHelper.swift in Sources */,
				7B2D77082B1FA13F00E0D93F /* Date+Ext.swift in Sources */,
				7BC71AAC2B0D170D00C969C0 /* NetworkManager.swift in Sources */,
				7B4B7C8A2AEEA8D000B8B868 /* SceneDelegate.swift in Sources */,
				7BF12FE12B1DD5DF0050B7B1 /* GFItemInfoView.swift in Sources */,
				7B5169852B07B42E00A49810 /* GFAlertContainerView.swift in Sources */,
				7B168F492B190A8700DA213E /* Constants.swift in Sources */,
				7B173E7D2BB7132100386CCB /* GFTabBarController.swift in Sources */,
			);
			runOnlyForDeploymentPostprocessing = 0;
		};
/* End PBXSourcesBuildPhase section */

/* Begin PBXVariantGroup section */
		7B4B7C922AEEA8D100B8B868 /* LaunchScreen.storyboard */ = {
			isa = PBXVariantGroup;
			children = (
				7B4B7C932AEEA8D100B8B868 /* Base */,
			);
			name = LaunchScreen.storyboard;
			sourceTree = "<group>";
		};
/* End PBXVariantGroup section */

/* Begin XCBuildConfiguration section */
		7B4B7C962AEEA8D100B8B868 /* Debug */ = {
			isa = XCBuildConfiguration;
			buildSettings = {
				ALWAYS_SEARCH_USER_PATHS = NO;
				ASSETCATALOG_COMPILER_GENERATE_SWIFT_ASSET_SYMBOL_EXTENSIONS = YES;
				CLANG_ANALYZER_NONNULL = YES;
				CLANG_ANALYZER_NUMBER_OBJECT_CONVERSION = YES_AGGRESSIVE;
				CLANG_CXX_LANGUAGE_STANDARD = "gnu++20";
				CLANG_ENABLE_MODULES = YES;
				CLANG_ENABLE_OBJC_ARC = YES;
				CLANG_ENABLE_OBJC_WEAK = YES;
				CLANG_WARN_BLOCK_CAPTURE_AUTORELEASING = YES;
				CLANG_WARN_BOOL_CONVERSION = YES;
				CLANG_WARN_COMMA = YES;
				CLANG_WARN_CONSTANT_CONVERSION = YES;
				CLANG_WARN_DEPRECATED_OBJC_IMPLEMENTATIONS = YES;
				CLANG_WARN_DIRECT_OBJC_ISA_USAGE = YES_ERROR;
				CLANG_WARN_DOCUMENTATION_COMMENTS = YES;
				CLANG_WARN_EMPTY_BODY = YES;
				CLANG_WARN_ENUM_CONVERSION = YES;
				CLANG_WARN_INFINITE_RECURSION = YES;
				CLANG_WARN_INT_CONVERSION = YES;
				CLANG_WARN_NON_LITERAL_NULL_CONVERSION = YES;
				CLANG_WARN_OBJC_IMPLICIT_RETAIN_SELF = YES;
				CLANG_WARN_OBJC_LITERAL_CONVERSION = YES;
				CLANG_WARN_OBJC_ROOT_CLASS = YES_ERROR;
				CLANG_WARN_QUOTED_INCLUDE_IN_FRAMEWORK_HEADER = YES;
				CLANG_WARN_RANGE_LOOP_ANALYSIS = YES;
				CLANG_WARN_STRICT_PROTOTYPES = YES;
				CLANG_WARN_SUSPICIOUS_MOVE = YES;
				CLANG_WARN_UNGUARDED_AVAILABILITY = YES_AGGRESSIVE;
				CLANG_WARN_UNREACHABLE_CODE = YES;
				CLANG_WARN__DUPLICATE_METHOD_MATCH = YES;
				COPY_PHASE_STRIP = NO;
				DEBUG_INFORMATION_FORMAT = dwarf;
				ENABLE_STRICT_OBJC_MSGSEND = YES;
				ENABLE_TESTABILITY = YES;
				ENABLE_USER_SCRIPT_SANDBOXING = YES;
				GCC_C_LANGUAGE_STANDARD = gnu17;
				GCC_DYNAMIC_NO_PIC = NO;
				GCC_NO_COMMON_BLOCKS = YES;
				GCC_OPTIMIZATION_LEVEL = 0;
				GCC_PREPROCESSOR_DEFINITIONS = (
					"DEBUG=1",
					"$(inherited)",
				);
				GCC_WARN_64_TO_32_BIT_CONVERSION = YES;
				GCC_WARN_ABOUT_RETURN_TYPE = YES_ERROR;
				GCC_WARN_UNDECLARED_SELECTOR = YES;
				GCC_WARN_UNINITIALIZED_AUTOS = YES_AGGRESSIVE;
				GCC_WARN_UNUSED_FUNCTION = YES;
				GCC_WARN_UNUSED_VARIABLE = YES;
				IPHONEOS_DEPLOYMENT_TARGET = 15.0;
				LOCALIZATION_PREFERS_STRING_CATALOGS = YES;
				MTL_ENABLE_DEBUG_INFO = INCLUDE_SOURCE;
				MTL_FAST_MATH = YES;
				ONLY_ACTIVE_ARCH = YES;
				SDKROOT = iphoneos;
				SWIFT_ACTIVE_COMPILATION_CONDITIONS = "DEBUG $(inherited)";
				SWIFT_OPTIMIZATION_LEVEL = "-Onone";
			};
			name = Debug;
		};
		7B4B7C972AEEA8D100B8B868 /* Release */ = {
			isa = XCBuildConfiguration;
			buildSettings = {
				ALWAYS_SEARCH_USER_PATHS = NO;
				ASSETCATALOG_COMPILER_GENERATE_SWIFT_ASSET_SYMBOL_EXTENSIONS = YES;
				CLANG_ANALYZER_NONNULL = YES;
				CLANG_ANALYZER_NUMBER_OBJECT_CONVERSION = YES_AGGRESSIVE;
				CLANG_CXX_LANGUAGE_STANDARD = "gnu++20";
				CLANG_ENABLE_MODULES = YES;
				CLANG_ENABLE_OBJC_ARC = YES;
				CLANG_ENABLE_OBJC_WEAK = YES;
				CLANG_WARN_BLOCK_CAPTURE_AUTORELEASING = YES;
				CLANG_WARN_BOOL_CONVERSION = YES;
				CLANG_WARN_COMMA = YES;
				CLANG_WARN_CONSTANT_CONVERSION = YES;
				CLANG_WARN_DEPRECATED_OBJC_IMPLEMENTATIONS = YES;
				CLANG_WARN_DIRECT_OBJC_ISA_USAGE = YES_ERROR;
				CLANG_WARN_DOCUMENTATION_COMMENTS = YES;
				CLANG_WARN_EMPTY_BODY = YES;
				CLANG_WARN_ENUM_CONVERSION = YES;
				CLANG_WARN_INFINITE_RECURSION = YES;
				CLANG_WARN_INT_CONVERSION = YES;
				CLANG_WARN_NON_LITERAL_NULL_CONVERSION = YES;
				CLANG_WARN_OBJC_IMPLICIT_RETAIN_SELF = YES;
				CLANG_WARN_OBJC_LITERAL_CONVERSION = YES;
				CLANG_WARN_OBJC_ROOT_CLASS = YES_ERROR;
				CLANG_WARN_QUOTED_INCLUDE_IN_FRAMEWORK_HEADER = YES;
				CLANG_WARN_RANGE_LOOP_ANALYSIS = YES;
				CLANG_WARN_STRICT_PROTOTYPES = YES;
				CLANG_WARN_SUSPICIOUS_MOVE = YES;
				CLANG_WARN_UNGUARDED_AVAILABILITY = YES_AGGRESSIVE;
				CLANG_WARN_UNREACHABLE_CODE = YES;
				CLANG_WARN__DUPLICATE_METHOD_MATCH = YES;
				COPY_PHASE_STRIP = NO;
				DEBUG_INFORMATION_FORMAT = "dwarf-with-dsym";
				ENABLE_NS_ASSERTIONS = NO;
				ENABLE_STRICT_OBJC_MSGSEND = YES;
				ENABLE_USER_SCRIPT_SANDBOXING = YES;
				GCC_C_LANGUAGE_STANDARD = gnu17;
				GCC_NO_COMMON_BLOCKS = YES;
				GCC_WARN_64_TO_32_BIT_CONVERSION = YES;
				GCC_WARN_ABOUT_RETURN_TYPE = YES_ERROR;
				GCC_WARN_UNDECLARED_SELECTOR = YES;
				GCC_WARN_UNINITIALIZED_AUTOS = YES_AGGRESSIVE;
				GCC_WARN_UNUSED_FUNCTION = YES;
				GCC_WARN_UNUSED_VARIABLE = YES;
				IPHONEOS_DEPLOYMENT_TARGET = 15.0;
				LOCALIZATION_PREFERS_STRING_CATALOGS = YES;
				MTL_ENABLE_DEBUG_INFO = NO;
				MTL_FAST_MATH = YES;
				SDKROOT = iphoneos;
				SWIFT_COMPILATION_MODE = wholemodule;
				VALIDATE_PRODUCT = YES;
			};
			name = Release;
		};
		7B4B7C992AEEA8D100B8B868 /* Debug */ = {
			isa = XCBuildConfiguration;
			buildSettings = {
				ASSETCATALOG_COMPILER_APPICON_NAME = AppIcon;
				ASSETCATALOG_COMPILER_GLOBAL_ACCENT_COLOR_NAME = AccentColor;
				CODE_SIGN_STYLE = Automatic;
				CURRENT_PROJECT_VERSION = 1;
				DEVELOPMENT_TEAM = 3N9X5D4U34;
				GENERATE_INFOPLIST_FILE = YES;
				INFOPLIST_FILE = GitHubFollowers/Info.plist;
				INFOPLIST_KEY_UIApplicationSupportsIndirectInputEvents = YES;
				INFOPLIST_KEY_UILaunchStoryboardName = LaunchScreen;
				INFOPLIST_KEY_UISupportedInterfaceOrientations = UIInterfaceOrientationPortrait;
				INFOPLIST_KEY_UISupportedInterfaceOrientations_iPad = "UIInterfaceOrientationLandscapeLeft UIInterfaceOrientationLandscapeRight UIInterfaceOrientationPortrait UIInterfaceOrientationPortraitUpsideDown";
				IPHONEOS_DEPLOYMENT_TARGET = 15.0;
				LD_RUNPATH_SEARCH_PATHS = (
					"$(inherited)",
					"@executable_path/Frameworks",
				);
				MARKETING_VERSION = 1.0;
				PRODUCT_BUNDLE_IDENTIFIER = com.marislakss.GitHubFollowers;
				PRODUCT_NAME = "$(TARGET_NAME)";
				SUPPORTED_PLATFORMS = "iphoneos iphonesimulator";
				SUPPORTS_MACCATALYST = NO;
				SUPPORTS_MAC_DESIGNED_FOR_IPHONE_IPAD = NO;
				SWIFT_EMIT_LOC_STRINGS = YES;
				SWIFT_VERSION = 5.0;
				TARGETED_DEVICE_FAMILY = 1;
			};
			name = Debug;
		};
		7B4B7C9A2AEEA8D100B8B868 /* Release */ = {
			isa = XCBuildConfiguration;
			buildSettings = {
				ASSETCATALOG_COMPILER_APPICON_NAME = AppIcon;
				ASSETCATALOG_COMPILER_GLOBAL_ACCENT_COLOR_NAME = AccentColor;
				CODE_SIGN_STYLE = Automatic;
				CURRENT_PROJECT_VERSION = 1;
				DEVELOPMENT_TEAM = 3N9X5D4U34;
				GENERATE_INFOPLIST_FILE = YES;
				INFOPLIST_FILE = GitHubFollowers/Info.plist;
				INFOPLIST_KEY_UIApplicationSupportsIndirectInputEvents = YES;
				INFOPLIST_KEY_UILaunchStoryboardName = LaunchScreen;
				INFOPLIST_KEY_UISupportedInterfaceOrientations = UIInterfaceOrientationPortrait;
				INFOPLIST_KEY_UISupportedInterfaceOrientations_iPad = "UIInterfaceOrientationLandscapeLeft UIInterfaceOrientationLandscapeRight UIInterfaceOrientationPortrait UIInterfaceOrientationPortraitUpsideDown";
				IPHONEOS_DEPLOYMENT_TARGET = 15.0;
				LD_RUNPATH_SEARCH_PATHS = (
					"$(inherited)",
					"@executable_path/Frameworks",
				);
				MARKETING_VERSION = 1.0;
				PRODUCT_BUNDLE_IDENTIFIER = com.marislakss.GitHubFollowers;
				PRODUCT_NAME = "$(TARGET_NAME)";
				SUPPORTED_PLATFORMS = "iphoneos iphonesimulator";
				SUPPORTS_MACCATALYST = NO;
				SUPPORTS_MAC_DESIGNED_FOR_IPHONE_IPAD = NO;
				SWIFT_EMIT_LOC_STRINGS = YES;
				SWIFT_VERSION = 5.0;
				TARGETED_DEVICE_FAMILY = 1;
			};
			name = Release;
		};
/* End XCBuildConfiguration section */

/* Begin XCConfigurationList section */
		7B4B7C7F2AEEA8D000B8B868 /* Build configuration list for PBXProject "GitHubFollowers" */ = {
			isa = XCConfigurationList;
			buildConfigurations = (
				7B4B7C962AEEA8D100B8B868 /* Debug */,
				7B4B7C972AEEA8D100B8B868 /* Release */,
			);
			defaultConfigurationIsVisible = 0;
			defaultConfigurationName = Release;
		};
		7B4B7C982AEEA8D100B8B868 /* Build configuration list for PBXNativeTarget "GitHubFollowers" */ = {
			isa = XCConfigurationList;
			buildConfigurations = (
				7B4B7C992AEEA8D100B8B868 /* Debug */,
				7B4B7C9A2AEEA8D100B8B868 /* Release */,
			);
			defaultConfigurationIsVisible = 0;
			defaultConfigurationName = Release;
		};
/* End XCConfigurationList section */
	};
	rootObject = 7B4B7C7C2AEEA8D000B8B868 /* Project object */;
}
